
Microsoft Visual Studio Solution File, Format Version 12.00
# Visual Studio Version 17
VisualStudioVersion = 17.5.33516.290
MinimumVisualStudioVersion = 10.0.40219.1
Project("{FAE04EC0-301F-11D3-BF4B-00C04F79EFBC}") = "MemoryGame", "MemoryGame.csproj", "{F8A36211-9877-4C8D-98F2-BCDDE1C3CF9A}"
EndProject
Global
	GlobalSection(SolutionConfigurationPlatforms) = preSolution
		Debug|Any CPU = Debug|Any CPU
		Release|Any CPU = Release|Any CPU
	EndGlobalSection
	GlobalSection(ProjectConfigurationPlatforms) = postSolution
		{F8A36211-9877-4C8D-98F2-BCDDE1C3CF9A}.Debug|Any CPU.ActiveCfg = Debug|Any CPU
		{F8A36211-9877-4C8D-98F2-BCDDE1C3CF9A}.Debug|Any CPU.Build.0 = Debug|Any CPU
		{F8A36211-9877-4C8D-98F2-BCDDE1C3CF9A}.Release|Any CPU.ActiveCfg = Release|Any CPU
		{F8A36211-9877-4C8D-98F2-BCDDE1C3CF9A}.Release|Any CPU.Build.0 = Release|Any CPU
	EndGlobalSection
	GlobalSection(SolutionProperties) = preSolution
		HideSolutionNode = FALSE
	EndGlobalSection
	GlobalSection(ExtensibilityGlobals) = postSolution
		SolutionGuid = {050354C8-0E50-4C84-95BB-FE9D3DFD86A8}
	EndGlobalSection
EndGlobal
