
Microsoft Visual Studio Solution File, Format Version 12.00
# Visual Studio Version 17
VisualStudioVersion = 17.1.32407.343
MinimumVisualStudioVersion = 10.0.40219.1
Project("{FAE04EC0-301F-11D3-BF4B-00C04F79EFBC}") = "FirstBlazorApp.Server", "FirstBlazorApp\Server\FirstBlazorApp.Server.csproj", "{11B161D2-48C0-415C-9BA7-4E6C6EA08FC4}"
EndProject
Project("{FAE04EC0-301F-11D3-BF4B-00C04F79EFBC}") = "FirstBlazorApp.Client", "FirstBlazorApp\Client\FirstBlazorApp.Client.csproj", "{9947AFFC-AFBF-4B65-9E03-30155247071B}"
EndProject
Project("{FAE04EC0-301F-11D3-BF4B-00C04F79EFBC}") = "FirstBlazorApp.Shared", "FirstBlazorApp\Shared\FirstBlazorApp.Shared.csproj", "{D3DE9718-43DF-4209-8860-C30BC966026A}"
EndProject
Project("{FAE04EC0-301F-11D3-BF4B-00C04F79EFBC}") = "FirstBlazorApp.Data", "FirstBlazorApp.Data\FirstBlazorApp.Data.csproj", "{90BFA8BD-261D-4FB8-90F2-FA6F4C3A67B0}"
EndProject
Global
	GlobalSection(SolutionConfigurationPlatforms) = preSolution
		Debug|Any CPU = Debug|Any CPU
		Release|Any CPU = Release|Any CPU
	EndGlobalSection
	GlobalSection(ProjectConfigurationPlatforms) = postSolution
		{11B161D2-48C0-415C-9BA7-4E6C6EA08FC4}.Debug|Any CPU.ActiveCfg = Debug|Any CPU
		{11B161D2-48C0-415C-9BA7-4E6C6EA08FC4}.Debug|Any CPU.Build.0 = Debug|Any CPU
		{11B161D2-48C0-415C-9BA7-4E6C6EA08FC4}.Release|Any CPU.ActiveCfg = Release|Any CPU
		{11B161D2-48C0-415C-9BA7-4E6C6EA08FC4}.Release|Any CPU.Build.0 = Release|Any CPU
		{9947AFFC-AFBF-4B65-9E03-30155247071B}.Debug|Any CPU.ActiveCfg = Debug|Any CPU
		{9947AFFC-AFBF-4B65-9E03-30155247071B}.Debug|Any CPU.Build.0 = Debug|Any CPU
		{9947AFFC-AFBF-4B65-9E03-30155247071B}.Release|Any CPU.ActiveCfg = Release|Any CPU
		{9947AFFC-AFBF-4B65-9E03-30155247071B}.Release|Any CPU.Build.0 = Release|Any CPU
		{D3DE9718-43DF-4209-8860-C30BC966026A}.Debug|Any CPU.ActiveCfg = Debug|Any CPU
		{D3DE9718-43DF-4209-8860-C30BC966026A}.Debug|Any CPU.Build.0 = Debug|Any CPU
		{D3DE9718-43DF-4209-8860-C30BC966026A}.Release|Any CPU.ActiveCfg = Release|Any CPU
		{D3DE9718-43DF-4209-8860-C30BC966026A}.Release|Any CPU.Build.0 = Release|Any CPU
		{90BFA8BD-261D-4FB8-90F2-FA6F4C3A67B0}.Debug|Any CPU.ActiveCfg = Debug|Any CPU
		{90BFA8BD-261D-4FB8-90F2-FA6F4C3A67B0}.Debug|Any CPU.Build.0 = Debug|Any CPU
		{90BFA8BD-261D-4FB8-90F2-FA6F4C3A67B0}.Release|Any CPU.ActiveCfg = Release|Any CPU
		{90BFA8BD-261D-4FB8-90F2-FA6F4C3A67B0}.Release|Any CPU.Build.0 = Release|Any CPU
	EndGlobalSection
	GlobalSection(SolutionProperties) = preSolution
		HideSolutionNode = FALSE
	EndGlobalSection
	GlobalSection(ExtensibilityGlobals) = postSolution
		SolutionGuid = {7CE9C503-D44A-46B5-BE64-78A4CFFF4295}
	EndGlobalSection
EndGlobal
