
Microsoft Visual Studio Solution File, Format Version 12.00
# Visual Studio Version 17
VisualStudioVersion = 17.5.33516.290
MinimumVisualStudioVersion = 10.0.40219.1
Project("{FAE04EC0-301F-11D3-BF4B-00C04F79EFBC}") = "MathFlashCards", "MathFlashCards.csproj", "{675E8AB9-8606-4265-BC6C-1939FCEBB66B}"
EndProject
Global
	GlobalSection(SolutionConfigurationPlatforms) = preSolution
		Debug|Any CPU = Debug|Any CPU
		Release|Any CPU = Release|Any CPU
	EndGlobalSection
	GlobalSection(ProjectConfigurationPlatforms) = postSolution
		{675E8AB9-8606-4265-BC6C-1939FCEBB66B}.Debug|Any CPU.ActiveCfg = Debug|Any CPU
		{675E8AB9-8606-4265-BC6C-1939FCEBB66B}.Debug|Any CPU.Build.0 = Debug|Any CPU
		{675E8AB9-8606-4265-BC6C-1939FCEBB66B}.Release|Any CPU.ActiveCfg = Release|Any CPU
		{675E8AB9-8606-4265-BC6C-1939FCEBB66B}.Release|Any CPU.Build.0 = Release|Any CPU
	EndGlobalSection
	GlobalSection(SolutionProperties) = preSolution
		HideSolutionNode = FALSE
	EndGlobalSection
	GlobalSection(ExtensibilityGlobals) = postSolution
		SolutionGuid = {18405214-B81F-461C-BB7B-59F35C474819}
	EndGlobalSection
EndGlobal
