
Microsoft Visual Studio Solution File, Format Version 12.00
# Visual Studio Version 17
VisualStudioVersion = 17.4.33110.190
MinimumVisualStudioVersion = 10.0.40219.1
Project("{FAE04EC0-301F-11D3-BF4B-00C04F79EFBC}") = "Seccion9TareaParte3", "Seccion9TareaParte3.csproj", "{2752D162-FE7E-4B71-A24A-582E97ED743B}"
EndProject
Global
	GlobalSection(SolutionConfigurationPlatforms) = preSolution
		Debug|Any CPU = Debug|Any CPU
		Release|Any CPU = Release|Any CPU
	EndGlobalSection
	GlobalSection(ProjectConfigurationPlatforms) = postSolution
		{2752D162-FE7E-4B71-A24A-582E97ED743B}.Debug|Any CPU.ActiveCfg = Debug|Any CPU
		{2752D162-FE7E-4B71-A24A-582E97ED743B}.Debug|Any CPU.Build.0 = Debug|Any CPU
		{2752D162-FE7E-4B71-A24A-582E97ED743B}.Release|Any CPU.ActiveCfg = Release|Any CPU
		{2752D162-FE7E-4B71-A24A-582E97ED743B}.Release|Any CPU.Build.0 = Release|Any CPU
	EndGlobalSection
	GlobalSection(SolutionProperties) = preSolution
		HideSolutionNode = FALSE
	EndGlobalSection
	GlobalSection(ExtensibilityGlobals) = postSolution
		SolutionGuid = {4084B742-769B-4E86-BB7C-C293257207CA}
	EndGlobalSection
EndGlobal
